
Microsoft Visual Studio Solution File, Format Version 12.00
# Visual Studio Version 17
VisualStudioVersion = 17.14.36408.4 d17.14
MinimumVisualStudioVersion = 10.0.40219.1
Project("{FAE04EC0-301F-11D3-BF4B-00C04F79EFBC}") = "SchoolHelper", "SchoolHelper\SchoolHelper.csproj", "{500D0F19-00AC-42BE-9956-8ED44AC61A85}"
EndProject
Global
	GlobalSection(SolutionConfigurationPlatforms) = preSolution
		Debug|Any CPU = Debug|Any CPU
		Release|Any CPU = Release|Any CPU
	EndGlobalSection
	GlobalSection(ProjectConfigurationPlatforms) = postSolution
		{500D0F19-00AC-42BE-9956-8ED44AC61A85}.Debug|Any CPU.ActiveCfg = Debug|Any CPU
		{500D0F19-00AC-42BE-9956-8ED44AC61A85}.Debug|Any CPU.Build.0 = Debug|Any CPU
		{500D0F19-00AC-42BE-9956-8ED44AC61A85}.Release|Any CPU.ActiveCfg = Release|Any CPU
		{500D0F19-00AC-42BE-9956-8ED44AC61A85}.Release|Any CPU.Build.0 = Release|Any CPU
	EndGlobalSection
	GlobalSection(SolutionProperties) = preSolution
		HideSolutionNode = FALSE
	EndGlobalSection
	GlobalSection(ExtensibilityGlobals) = postSolution
		SolutionGuid = {39E49A8F-4C63-4E5D-BFC5-C36F7E94DF14}
	EndGlobalSection
EndGlobal
